
Microsoft Visual Studio Solution File, Format Version 12.00
# Visual Studio Version 17
VisualStudioVersion = 17.8.34525.116
MinimumVisualStudioVersion = 10.0.40219.1
Project("{9A19103F-16F7-4668-BE54-9A1E7A4F7556}") = "BlazorExpenseTracker.UI", "BlazorExpenseTracker.UI\BlazorExpenseTracker.UI.csproj", "{E64247CF-E001-4671-B48D-AAE9258AF675}"
EndProject
Project("{9A19103F-16F7-4668-BE54-9A1E7A4F7556}") = "BlazorExpenseTracker.Model", "BlazorExpenseTracker.Model\BlazorExpenseTracker.Model.csproj", "{7E5BA53C-D36A-4893-9692-EDDAFB57C85C}"
EndProject
Project("{9A19103F-16F7-4668-BE54-9A1E7A4F7556}") = "BlazorExpenseTracker.Data", "BlazorExpenseTracker.Data\BlazorExpenseTracker.Data.csproj", "{A3D53050-DD4A-4996-AE3B-292AA2AE1C32}"
EndProject
Project("{9A19103F-16F7-4668-BE54-9A1E7A4F7556}") = "BlazorExpenseTracker.API", "BlazorExpenseTracker.API\BlazorExpenseTracker.API.csproj", "{F49D6825-B819-4549-BD4E-C6E22113F8FB}"
EndProject
Global
	GlobalSection(SolutionConfigurationPlatforms) = preSolution
		Debug|Any CPU = Debug|Any CPU
		Release|Any CPU = Release|Any CPU
	EndGlobalSection
	GlobalSection(ProjectConfigurationPlatforms) = postSolution
		{E64247CF-E001-4671-B48D-AAE9258AF675}.Debug|Any CPU.ActiveCfg = Debug|Any CPU
		{E64247CF-E001-4671-B48D-AAE9258AF675}.Debug|Any CPU.Build.0 = Debug|Any CPU
		{E64247CF-E001-4671-B48D-AAE9258AF675}.Release|Any CPU.ActiveCfg = Release|Any CPU
		{E64247CF-E001-4671-B48D-AAE9258AF675}.Release|Any CPU.Build.0 = Release|Any CPU
		{7E5BA53C-D36A-4893-9692-EDDAFB57C85C}.Debug|Any CPU.ActiveCfg = Debug|Any CPU
		{7E5BA53C-D36A-4893-9692-EDDAFB57C85C}.Debug|Any CPU.Build.0 = Debug|Any CPU
		{7E5BA53C-D36A-4893-9692-EDDAFB57C85C}.Release|Any CPU.ActiveCfg = Release|Any CPU
		{7E5BA53C-D36A-4893-9692-EDDAFB57C85C}.Release|Any CPU.Build.0 = Release|Any CPU
		{A3D53050-DD4A-4996-AE3B-292AA2AE1C32}.Debug|Any CPU.ActiveCfg = Debug|Any CPU
		{A3D53050-DD4A-4996-AE3B-292AA2AE1C32}.Debug|Any CPU.Build.0 = Debug|Any CPU
		{A3D53050-DD4A-4996-AE3B-292AA2AE1C32}.Release|Any CPU.ActiveCfg = Release|Any CPU
		{A3D53050-DD4A-4996-AE3B-292AA2AE1C32}.Release|Any CPU.Build.0 = Release|Any CPU
		{F49D6825-B819-4549-BD4E-C6E22113F8FB}.Debug|Any CPU.ActiveCfg = Debug|Any CPU
		{F49D6825-B819-4549-BD4E-C6E22113F8FB}.Debug|Any CPU.Build.0 = Debug|Any CPU
		{F49D6825-B819-4549-BD4E-C6E22113F8FB}.Release|Any CPU.ActiveCfg = Release|Any CPU
		{F49D6825-B819-4549-BD4E-C6E22113F8FB}.Release|Any CPU.Build.0 = Release|Any CPU
	EndGlobalSection
	GlobalSection(SolutionProperties) = preSolution
		HideSolutionNode = FALSE
	EndGlobalSection
	GlobalSection(ExtensibilityGlobals) = postSolution
		SolutionGuid = {6ADB59D6-D7A7-4C74-8081-9ADFB38AD08A}
	EndGlobalSection
EndGlobal
